// !$*UTF8*$!
{
	archiveVersion = 1;
	classes = {
	};
	objectVersion = 46;
	objects = {

/* Begin PBXBuildFile section */
		D119021F1F84191400F5DC64 /* arbor.cpp in Sources */ = {isa = PBXBuildFile; fileRef = D119021E1F84191400F5DC64 /* arbor.cpp */; };
		D11902211F841D8300F5DC64 /* libboost_program_options.dylib in Frameworks */ = {isa = PBXBuildFile; fileRef = D11902201F841D8300F5DC64 /* libboost_program_options.dylib */; };
		D133B8E61F8417A500490C10 /* main.cpp in Sources */ = {isa = PBXBuildFile; fileRef = D133B8E51F8417A500490C10 /* main.cpp */; };
/* End PBXBuildFile section */

/* Begin PBXCopyFilesBuildPhase section */
		D133B8E01F8417A500490C10 /* CopyFiles */ = {
			isa = PBXCopyFilesBuildPhase;
			buildActionMask = 2147483647;
			dstPath = /usr/share/man/man1/;
			dstSubfolderSpec = 0;
			files = (
			);
			runOnlyForDeploymentPostprocessing = 1;
		};
/* End PBXCopyFilesBuildPhase section */

/* Begin PBXFileReference section */
		D11902131F8418B400F5DC64 /* grape.hpp */ = {isa = PBXFileReference; fileEncoding = 4; lastKnownFileType = sourcecode.cpp.h; path = grape.hpp; sourceTree = "<group>"; };
		D11902141F8418B400F5DC64 /* grapedb.hpp */ = {isa = PBXFileReference; fileEncoding = 4; lastKnownFileType = sourcecode.cpp.h; path = grapedb.hpp; sourceTree = "<group>"; };
		D11902151F8418B400F5DC64 /* lot.hpp */ = {isa = PBXFileReference; fileEncoding = 4; lastKnownFileType = sourcecode.cpp.h; path = lot.hpp; sourceTree = "<group>"; };
		D11902171F8418B400F5DC64 /* utilfunc.hpp */ = {isa = PBXFileReference; fileEncoding = 4; lastKnownFileType = sourcecode.cpp.h; path = utilfunc.hpp; sourceTree = "<group>"; };
		D11902181F8418B400F5DC64 /* xarbor.hpp */ = {isa = PBXFileReference; fileEncoding = 4; lastKnownFileType = sourcecode.cpp.h; path = xarbor.hpp; sourceTree = "<group>"; };
		D119021A1F84190000F5DC64 /* arbor.hpp */ = {isa = PBXFileReference; fileEncoding = 4; lastKnownFileType = sourcecode.cpp.h; path = arbor.hpp; sourceTree = "<group>"; };
		D119021E1F84191400F5DC64 /* arbor.cpp */ = {isa = PBXFileReference; fileEncoding = 4; lastKnownFileType = sourcecode.cpp.cpp; path = arbor.cpp; sourceTree = "<group>"; };
		D11902201F841D8300F5DC64 /* libboost_program_options.dylib */ = {isa = PBXFileReference; lastKnownFileType = "compiled.mach-o.dylib"; name = libboost_program_options.dylib; path = ../../../Documents/libraries/boost_1_65_0/stage/lib/libboost_program_options.dylib; sourceTree = "<group>"; };
		D133B8E21F8417A500490C10 /* arbor */ = {isa = PBXFileReference; explicitFileType = "compiled.mach-o.executable"; includeInIndex = 0; path = arbor; sourceTree = BUILT_PRODUCTS_DIR; };
		D133B8E51F8417A500490C10 /* main.cpp */ = {isa = PBXFileReference; lastKnownFileType = sourcecode.cpp.cpp; path = main.cpp; sourceTree = "<group>"; };
/* End PBXFileReference section */

/* Begin PBXFrameworksBuildPhase section */
		D133B8DF1F8417A500490C10 /* Frameworks */ = {
			isa = PBXFrameworksBuildPhase;
			buildActionMask = 2147483647;
			files = (
				D11902211F841D8300F5DC64 /* libboost_program_options.dylib in Frameworks */,
			);
			runOnlyForDeploymentPostprocessing = 0;
		};
/* End PBXFrameworksBuildPhase section */

/* Begin PBXGroup section */
		D133B8D91F8417A500490C10 = {
			isa = PBXGroup;
			children = (
				D11902201F841D8300F5DC64 /* libboost_program_options.dylib */,
				D133B8E41F8417A500490C10 /* arbor */,
				D133B8E31F8417A500490C10 /* Products */,
			);
			sourceTree = "<group>";
		};
		D133B8E31F8417A500490C10 /* Products */ = {
			isa = PBXGroup;
			children = (
				D133B8E21F8417A500490C10 /* arbor */,
			);
			name = Products;
			sourceTree = "<group>";
		};
		D133B8E41F8417A500490C10 /* arbor */ = {
			isa = PBXGroup;
			children = (
				D133B8E51F8417A500490C10 /* main.cpp */,
				D119021E1F84191400F5DC64 /* arbor.cpp */,
				D119021A1F84190000F5DC64 /* arbor.hpp */,
				D11902131F8418B400F5DC64 /* grape.hpp */,
				D11902141F8418B400F5DC64 /* grapedb.hpp */,
				D11902151F8418B400F5DC64 /* lot.hpp */,
				D11902171F8418B400F5DC64 /* utilfunc.hpp */,
				D11902181F8418B400F5DC64 /* xarbor.hpp */,
			);
			path = arbor;
			sourceTree = "<group>";
		};
/* End PBXGroup section */

/* Begin PBXNativeTarget section */
		D133B8E11F8417A500490C10 /* arbor */ = {
			isa = PBXNativeTarget;
			buildConfigurationList = D133B8E91F8417A500490C10 /* Build configuration list for PBXNativeTarget "arbor" */;
			buildPhases = (
				D133B8DE1F8417A500490C10 /* Sources */,
				D133B8DF1F8417A500490C10 /* Frameworks */,
				D133B8E01F8417A500490C10 /* CopyFiles */,
			);
			buildRules = (
			);
			dependencies = (
			);
			name = arbor;
			productName = arbor;
			productReference = D133B8E21F8417A500490C10 /* arbor */;
			productType = "com.apple.product-type.tool";
		};
/* End PBXNativeTarget section */

/* Begin PBXProject section */
		D133B8DA1F8417A500490C10 /* Project object */ = {
			isa = PBXProject;
			attributes = {
				LastUpgradeCheck = 0720;
				ORGANIZATIONNAME = "Paul O. Lewis";
				TargetAttributes = {
					D133B8E11F8417A500490C10 = {
						CreatedOnToolsVersion = 7.2;
					};
				};
			};
			buildConfigurationList = D133B8DD1F8417A500490C10 /* Build configuration list for PBXProject "arbor" */;
			compatibilityVersion = "Xcode 3.2";
			developmentRegion = English;
			hasScannedForEncodings = 0;
			knownRegions = (
				en,
			);
			mainGroup = D133B8D91F8417A500490C10;
			productRefGroup = D133B8E31F8417A500490C10 /* Products */;
			projectDirPath = "";
			projectRoot = "";
			targets = (
				D133B8E11F8417A500490C10 /* arbor */,
			);
		};
/* End PBXProject section */

/* Begin PBXSourcesBuildPhase section */
		D133B8DE1F8417A500490C10 /* Sources */ = {
			isa = PBXSourcesBuildPhase;
			buildActionMask = 2147483647;
			files = (
				D133B8E61F8417A500490C10 /* main.cpp in Sources */,
				D119021F1F84191400F5DC64 /* arbor.cpp in Sources */,
			);
			runOnlyForDeploymentPostprocessing = 0;
		};
/* End PBXSourcesBuildPhase section */

/* Begin XCBuildConfiguration section */
		D133B8E71F8417A500490C10 /* Debug */ = {
			isa = XCBuildConfiguration;
			buildSettings = {
				ALWAYS_SEARCH_USER_PATHS = NO;
				CLANG_CXX_LANGUAGE_STANDARD = "gnu++0x";
				CLANG_CXX_LIBRARY = "libc++";
				CLANG_ENABLE_MODULES = YES;
				CLANG_ENABLE_OBJC_ARC = YES;
				CLANG_WARN_BOOL_CONVERSION = YES;
				CLANG_WARN_CONSTANT_CONVERSION = YES;
				CLANG_WARN_DIRECT_OBJC_ISA_USAGE = YES_ERROR;
				CLANG_WARN_EMPTY_BODY = YES;
				CLANG_WARN_ENUM_CONVERSION = YES;
				CLANG_WARN_INT_CONVERSION = YES;
				CLANG_WARN_OBJC_ROOT_CLASS = YES_ERROR;
				CLANG_WARN_UNREACHABLE_CODE = YES;
				CLANG_WARN__DUPLICATE_METHOD_MATCH = YES;
				CODE_SIGN_IDENTITY = "-";
				COPY_PHASE_STRIP = NO;
				DEBUG_INFORMATION_FORMAT = dwarf;
				ENABLE_STRICT_OBJC_MSGSEND = YES;
				ENABLE_TESTABILITY = YES;
				GCC_C_LANGUAGE_STANDARD = gnu99;
				GCC_DYNAMIC_NO_PIC = NO;
				GCC_NO_COMMON_BLOCKS = YES;
				GCC_OPTIMIZATION_LEVEL = 0;
				GCC_PREPROCESSOR_DEFINITIONS = (
					"DEBUG=1",
					"$(inherited)",
				);
				GCC_WARN_64_TO_32_BIT_CONVERSION = YES;
				GCC_WARN_ABOUT_RETURN_TYPE = YES_ERROR;
				GCC_WARN_UNDECLARED_SELECTOR = YES;
				GCC_WARN_UNINITIALIZED_AUTOS = YES_AGGRESSIVE;
				GCC_WARN_UNUSED_FUNCTION = YES;
				GCC_WARN_UNUSED_VARIABLE = YES;
				HEADER_SEARCH_PATHS = "$(BOOST_ROOT)";
				LIBRARY_SEARCH_PATHS = "$(BOOST_ROOT)/stage/lib";
				MACOSX_DEPLOYMENT_TARGET = 10.10;
				MTL_ENABLE_DEBUG_INFO = YES;
				ONLY_ACTIVE_ARCH = YES;
				SDKROOT = macosx;
			};
			name = Debug;
		};
		D133B8E81F8417A500490C10 /* Release */ = {
			isa = XCBuildConfiguration;
			buildSettings = {
				ALWAYS_SEARCH_USER_PATHS = NO;
				CLANG_CXX_LANGUAGE_STANDARD = "gnu++0x";
				CLANG_CXX_LIBRARY = "libc++";
				CLANG_ENABLE_MODULES = YES;
				CLANG_ENABLE_OBJC_ARC = YES;
				CLANG_WARN_BOOL_CONVERSION = YES;
				CLANG_WARN_CONSTANT_CONVERSION = YES;
				CLANG_WARN_DIRECT_OBJC_ISA_USAGE = YES_ERROR;
				CLANG_WARN_EMPTY_BODY = YES;
				CLANG_WARN_ENUM_CONVERSION = YES;
				CLANG_WARN_INT_CONVERSION = YES;
				CLANG_WARN_OBJC_ROOT_CLASS = YES_ERROR;
				CLANG_WARN_UNREACHABLE_CODE = YES;
				CLANG_WARN__DUPLICATE_METHOD_MATCH = YES;
				CODE_SIGN_IDENTITY = "-";
				COPY_PHASE_STRIP = NO;
				DEBUG_INFORMATION_FORMAT = "dwarf-with-dsym";
				ENABLE_NS_ASSERTIONS = NO;
				ENABLE_STRICT_OBJC_MSGSEND = YES;
				GCC_C_LANGUAGE_STANDARD = gnu99;
				GCC_NO_COMMON_BLOCKS = YES;
				GCC_WARN_64_TO_32_BIT_CONVERSION = YES;
				GCC_WARN_ABOUT_RETURN_TYPE = YES_ERROR;
				GCC_WARN_UNDECLARED_SELECTOR = YES;
				GCC_WARN_UNINITIALIZED_AUTOS = YES_AGGRESSIVE;
				GCC_WARN_UNUSED_FUNCTION = YES;
				GCC_WARN_UNUSED_VARIABLE = YES;
				HEADER_SEARCH_PATHS = "$(BOOST_ROOT)";
				LIBRARY_SEARCH_PATHS = "$(BOOST_ROOT)/stage/lib";
				MACOSX_DEPLOYMENT_TARGET = 10.10;
				MTL_ENABLE_DEBUG_INFO = NO;
				SDKROOT = macosx;
			};
			name = Release;
		};
		D133B8EA1F8417A500490C10 /* Debug */ = {
			isa = XCBuildConfiguration;
			buildSettings = {
				PRODUCT_NAME = "$(TARGET_NAME)";
			};
			name = Debug;
		};
		D133B8EB1F8417A500490C10 /* Release */ = {
			isa = XCBuildConfiguration;
			buildSettings = {
				PRODUCT_NAME = "$(TARGET_NAME)";
			};
			name = Release;
		};
/* End XCBuildConfiguration section */

/* Begin XCConfigurationList section */
		D133B8DD1F8417A500490C10 /* Build configuration list for PBXProject "arbor" */ = {
			isa = XCConfigurationList;
			buildConfigurations = (
				D133B8E71F8417A500490C10 /* Debug */,
				D133B8E81F8417A500490C10 /* Release */,
			);
			defaultConfigurationIsVisible = 0;
			defaultConfigurationName = Release;
		};
		D133B8E91F8417A500490C10 /* Build configuration list for PBXNativeTarget "arbor" */ = {
			isa = XCConfigurationList;
			buildConfigurations = (
				D133B8EA1F8417A500490C10 /* Debug */,
				D133B8EB1F8417A500490C10 /* Release */,
			);
			defaultConfigurationIsVisible = 0;
			defaultConfigurationName = Release;
		};
/* End XCConfigurationList section */
	};
	rootObject = D133B8DA1F8417A500490C10 /* Project object */;
}
