<?xml version="1.0" encoding="UTF-8"?>
<Scheme
   LastUpgradeVersion = "0720"
   version = "1.3">
   <BuildAction
      parallelizeBuildables = "YES"
      buildImplicitDependencies = "YES">
      <BuildActionEntries>
         <BuildActionEntry
            buildForTesting = "YES"
            buildForRunning = "YES"
            buildForProfiling = "YES"
            buildForArchiving = "YES"
            buildForAnalyzing = "YES">
            <BuildableReference
               BuildableIdentifier = "primary"
               BlueprintIdentifier = "D133B8E11F8417A500490C10"
               BuildableName = "arbor"
               BlueprintName = "arbor"
               ReferencedContainer = "container:arbor.xcodeproj">
            </BuildableReference>
         </BuildActionEntry>
      </BuildActionEntries>
   </BuildAction>
   <TestAction
      buildConfiguration = "Debug"
      selectedDebuggerIdentifier = "Xcode.DebuggerFoundation.Debugger.LLDB"
      selectedLauncherIdentifier = "Xcode.DebuggerFoundation.Launcher.LLDB"
      shouldUseLaunchSchemeArgsEnv = "YES">
      <Testables>
      </Testables>
      <MacroExpansion>
         <BuildableReference
            BuildableIdentifier = "primary"
            BlueprintIdentifier = "D133B8E11F8417A500490C10"
            BuildableName = "arbor"
            BlueprintName = "arbor"
            ReferencedContainer = "container:arbor.xcodeproj">
         </BuildableReference>
      </MacroExpansion>
      <AdditionalOptions>
      </AdditionalOptions>
   </TestAction>
   <LaunchAction
      buildConfiguration = "Debug"
      selectedDebuggerIdentifier = "Xcode.DebuggerFoundation.Debugger.LLDB"
      selectedLauncherIdentifier = "Xcode.DebuggerFoundation.Launcher.LLDB"
      launchStyle = "0"
      useCustomWorkingDirectory = "YES"
      customWorkingDirectory = "/Users/plewis/Documents/manuscripts/to-be-written/grape/examples/insertaesedis/mcmcfixvar/fixed"
      ignoresPersistentStateOnLaunch = "NO"
      debugDocumentVersioning = "YES"
      debugServiceExtension = "internal"
      allowLocationSimulation = "YES">
      <BuildableProductRunnable
         runnableDebuggingMode = "0">
         <BuildableReference
            BuildableIdentifier = "primary"
            BlueprintIdentifier = "D133B8E11F8417A500490C10"
            BuildableName = "arbor"
            BlueprintName = "arbor"
            ReferencedContainer = "container:arbor.xcodeproj">
         </BuildableReference>
      </BuildableProductRunnable>
      <CommandLineArguments>
         <CommandLineArgument
            argument = "--datafile"
            isEnabled = "YES">
         </CommandLineArgument>
         <CommandLineArgument
            argument = "rep1.txt"
            isEnabled = "YES">
         </CommandLineArgument>
         <CommandLineArgument
            argument = "--grapefraction"
            isEnabled = "YES">
         </CommandLineArgument>
         <CommandLineArgument
            argument = "0.1"
            isEnabled = "YES">
         </CommandLineArgument>
         <CommandLineArgument
            argument = "--keepfraction"
            isEnabled = "YES">
         </CommandLineArgument>
         <CommandLineArgument
            argument = "1.0"
            isEnabled = "YES">
         </CommandLineArgument>
         <CommandLineArgument
            argument = "--minsamplesize"
            isEnabled = "YES">
         </CommandLineArgument>
         <CommandLineArgument
            argument = "50"
            isEnabled = "YES">
         </CommandLineArgument>
         <CommandLineArgument
            argument = "--seed"
            isEnabled = "YES">
         </CommandLineArgument>
         <CommandLineArgument
            argument = "13597"
            isEnabled = "YES">
         </CommandLineArgument>
      </CommandLineArguments>
      <EnvironmentVariables>
         <EnvironmentVariable
            key = "DYLD_LIBRARY_PATH"
            value = "$(BOOST_ROOT)/stage/lib"
            isEnabled = "YES">
         </EnvironmentVariable>
      </EnvironmentVariables>
      <AdditionalOptions>
      </AdditionalOptions>
   </LaunchAction>
   <ProfileAction
      buildConfiguration = "Release"
      shouldUseLaunchSchemeArgsEnv = "YES"
      savedToolIdentifier = ""
      useCustomWorkingDirectory = "NO"
      debugDocumentVersioning = "YES">
      <BuildableProductRunnable
         runnableDebuggingMode = "0">
         <BuildableReference
            BuildableIdentifier = "primary"
            BlueprintIdentifier = "D133B8E11F8417A500490C10"
            BuildableName = "arbor"
            BlueprintName = "arbor"
            ReferencedContainer = "container:arbor.xcodeproj">
         </BuildableReference>
      </BuildableProductRunnable>
   </ProfileAction>
   <AnalyzeAction
      buildConfiguration = "Debug">
   </AnalyzeAction>
   <ArchiveAction
      buildConfiguration = "Release"
      revealArchiveInOrganizer = "YES">
   </ArchiveAction>
</Scheme>
